
Microsoft Visual Studio Solution File, Format Version 12.00
# Visual Studio Version 17
VisualStudioVersion = 17.10.34928.147
MinimumVisualStudioVersion = 10.0.40219.1
Project("{FAE04EC0-301F-11D3-BF4B-00C04F79EFBC}") = "Noviy proekt", "Noviy proekt\Noviy proekt.csproj", "{B5A645D8-6255-4EF3-AC88-A0EC0CC44096}"
EndProject
Global
	GlobalSection(SolutionConfigurationPlatforms) = preSolution
		Debug|Any CPU = Debug|Any CPU
		Release|Any CPU = Release|Any CPU
	EndGlobalSection
	GlobalSection(ProjectConfigurationPlatforms) = postSolution
		{B5A645D8-6255-4EF3-AC88-A0EC0CC44096}.Debug|Any CPU.ActiveCfg = Debug|Any CPU
		{B5A645D8-6255-4EF3-AC88-A0EC0CC44096}.Debug|Any CPU.Build.0 = Debug|Any CPU
		{B5A645D8-6255-4EF3-AC88-A0EC0CC44096}.Release|Any CPU.ActiveCfg = Release|Any CPU
		{B5A645D8-6255-4EF3-AC88-A0EC0CC44096}.Release|Any CPU.Build.0 = Release|Any CPU
	EndGlobalSection
	GlobalSection(SolutionProperties) = preSolution
		HideSolutionNode = FALSE
	EndGlobalSection
	GlobalSection(ExtensibilityGlobals) = postSolution
		SolutionGuid = {FF002C3C-141E-47C0-AE22-23CF919B8B62}
	EndGlobalSection
EndGlobal
